
Microsoft Visual Studio Solution File, Format Version 12.00
# Visual Studio Version 17
VisualStudioVersion = 17.10.35122.118
MinimumVisualStudioVersion = 10.0.40219.1
Project("{FAE04EC0-301F-11D3-BF4B-00C04F79EFBC}") = "HelloFunction1", "HelloFunction1\HelloFunction1.csproj", "{783112F3-0107-42E5-ADD3-43E3AF1787D8}"
EndProject
Global
	GlobalSection(SolutionConfigurationPlatforms) = preSolution
		Debug|Any CPU = Debug|Any CPU
		Release|Any CPU = Release|Any CPU
	EndGlobalSection
	GlobalSection(ProjectConfigurationPlatforms) = postSolution
		{783112F3-0107-42E5-ADD3-43E3AF1787D8}.Debug|Any CPU.ActiveCfg = Debug|Any CPU
		{783112F3-0107-42E5-ADD3-43E3AF1787D8}.Debug|Any CPU.Build.0 = Debug|Any CPU
		{783112F3-0107-42E5-ADD3-43E3AF1787D8}.Release|Any CPU.ActiveCfg = Release|Any CPU
		{783112F3-0107-42E5-ADD3-43E3AF1787D8}.Release|Any CPU.Build.0 = Release|Any CPU
	EndGlobalSection
	GlobalSection(SolutionProperties) = preSolution
		HideSolutionNode = FALSE
	EndGlobalSection
	GlobalSection(ExtensibilityGlobals) = postSolution
		SolutionGuid = {21DCBC72-9266-407C-8746-77F47CF3E3A9}
	EndGlobalSection
EndGlobal
